
Microsoft Visual Studio Solution File, Format Version 12.00
# Visual Studio Version 16
VisualStudioVersion = 16.0.29806.167
MinimumVisualStudioVersion = 10.0.40219.1
Project("{9A19103F-16F7-4668-BE54-9A1E7A4F7556}") = "TwoNumberSum", "TwoNumberSum\TwoNumberSum.csproj", "{3F28DE95-CCAC-40C8-AB0D-E11AAC1193A8}"
EndProject
Project("{9A19103F-16F7-4668-BE54-9A1E7A4F7556}") = "CodingTests", "CodingTests\CodingTests.csproj", "{ED94565A-96B1-4846-88BA-D54570D4669C}"
EndProject
Project("{9A19103F-16F7-4668-BE54-9A1E7A4F7556}") = "DepthFirstSearch", "DepthFirstSearch\DepthFirstSearch.csproj", "{63BCF015-6606-4CAD-9CAF-1CF7357971E6}"
EndProject
Project("{9A19103F-16F7-4668-BE54-9A1E7A4F7556}") = "Fibonacci", "Fibonacci\Fibonacci.csproj", "{988F20B3-397A-4082-8F46-85EECB2BC4B7}"
EndProject
Project("{9A19103F-16F7-4668-BE54-9A1E7A4F7556}") = "ProductSum", "ProductSum\ProductSum.csproj", "{FE728318-4403-4CB4-9076-5E607B0E23A1}"
EndProject
Project("{9A19103F-16F7-4668-BE54-9A1E7A4F7556}") = "ThreeLargestNumbers", "ThreeLargestNumbers\ThreeLargestNumbers.csproj", "{7464E52F-AB03-4015-B25E-6A1E8A07043D}"
EndProject
Project("{FAE04EC0-301F-11D3-BF4B-00C04F79EFBC}") = "Palindrome", "Palindrome\Palindrome.csproj", "{9E943A4F-D2B6-48A3-8DCA-CFD3462FC089}"
EndProject
Global
	GlobalSection(SolutionConfigurationPlatforms) = preSolution
		Debug|Any CPU = Debug|Any CPU
		Release|Any CPU = Release|Any CPU
	EndGlobalSection
	GlobalSection(ProjectConfigurationPlatforms) = postSolution
		{3F28DE95-CCAC-40C8-AB0D-E11AAC1193A8}.Debug|Any CPU.ActiveCfg = Debug|Any CPU
		{3F28DE95-CCAC-40C8-AB0D-E11AAC1193A8}.Debug|Any CPU.Build.0 = Debug|Any CPU
		{3F28DE95-CCAC-40C8-AB0D-E11AAC1193A8}.Release|Any CPU.ActiveCfg = Release|Any CPU
		{3F28DE95-CCAC-40C8-AB0D-E11AAC1193A8}.Release|Any CPU.Build.0 = Release|Any CPU
		{ED94565A-96B1-4846-88BA-D54570D4669C}.Debug|Any CPU.ActiveCfg = Debug|Any CPU
		{ED94565A-96B1-4846-88BA-D54570D4669C}.Debug|Any CPU.Build.0 = Debug|Any CPU
		{ED94565A-96B1-4846-88BA-D54570D4669C}.Release|Any CPU.ActiveCfg = Release|Any CPU
		{ED94565A-96B1-4846-88BA-D54570D4669C}.Release|Any CPU.Build.0 = Release|Any CPU
		{63BCF015-6606-4CAD-9CAF-1CF7357971E6}.Debug|Any CPU.ActiveCfg = Debug|Any CPU
		{63BCF015-6606-4CAD-9CAF-1CF7357971E6}.Debug|Any CPU.Build.0 = Debug|Any CPU
		{63BCF015-6606-4CAD-9CAF-1CF7357971E6}.Release|Any CPU.ActiveCfg = Release|Any CPU
		{63BCF015-6606-4CAD-9CAF-1CF7357971E6}.Release|Any CPU.Build.0 = Release|Any CPU
		{988F20B3-397A-4082-8F46-85EECB2BC4B7}.Debug|Any CPU.ActiveCfg = Debug|Any CPU
		{988F20B3-397A-4082-8F46-85EECB2BC4B7}.Debug|Any CPU.Build.0 = Debug|Any CPU
		{988F20B3-397A-4082-8F46-85EECB2BC4B7}.Release|Any CPU.ActiveCfg = Release|Any CPU
		{988F20B3-397A-4082-8F46-85EECB2BC4B7}.Release|Any CPU.Build.0 = Release|Any CPU
		{FE728318-4403-4CB4-9076-5E607B0E23A1}.Debug|Any CPU.ActiveCfg = Debug|Any CPU
		{FE728318-4403-4CB4-9076-5E607B0E23A1}.Debug|Any CPU.Build.0 = Debug|Any CPU
		{FE728318-4403-4CB4-9076-5E607B0E23A1}.Release|Any CPU.ActiveCfg = Release|Any CPU
		{FE728318-4403-4CB4-9076-5E607B0E23A1}.Release|Any CPU.Build.0 = Release|Any CPU
		{7464E52F-AB03-4015-B25E-6A1E8A07043D}.Debug|Any CPU.ActiveCfg = Debug|Any CPU
		{7464E52F-AB03-4015-B25E-6A1E8A07043D}.Debug|Any CPU.Build.0 = Debug|Any CPU
		{7464E52F-AB03-4015-B25E-6A1E8A07043D}.Release|Any CPU.ActiveCfg = Release|Any CPU
		{7464E52F-AB03-4015-B25E-6A1E8A07043D}.Release|Any CPU.Build.0 = Release|Any CPU
		{9E943A4F-D2B6-48A3-8DCA-CFD3462FC089}.Debug|Any CPU.ActiveCfg = Debug|Any CPU
		{9E943A4F-D2B6-48A3-8DCA-CFD3462FC089}.Debug|Any CPU.Build.0 = Debug|Any CPU
		{9E943A4F-D2B6-48A3-8DCA-CFD3462FC089}.Release|Any CPU.ActiveCfg = Release|Any CPU
		{9E943A4F-D2B6-48A3-8DCA-CFD3462FC089}.Release|Any CPU.Build.0 = Release|Any CPU
	EndGlobalSection
	GlobalSection(SolutionProperties) = preSolution
		HideSolutionNode = FALSE
	EndGlobalSection
	GlobalSection(ExtensibilityGlobals) = postSolution
		SolutionGuid = {4E57B47C-779D-491E-AF94-E6F0B008F605}
	EndGlobalSection
EndGlobal
