
Microsoft Visual Studio Solution File, Format Version 12.00
# Visual Studio Version 16
VisualStudioVersion = 16.0.29806.167
MinimumVisualStudioVersion = 10.0.40219.1
Project("{FAE04EC0-301F-11D3-BF4B-00C04F79EFBC}") = "TwoNumberSum", "TwoNumberSum\TwoNumberSum.csproj", "{3F28DE95-CCAC-40C8-AB0D-E11AAC1193A8}"
EndProject
Project("{FAE04EC0-301F-11D3-BF4B-00C04F79EFBC}") = "CodingTests", "CodingTests\CodingTests.csproj", "{ED94565A-96B1-4846-88BA-D54570D4669C}"
EndProject
Global
	GlobalSection(SolutionConfigurationPlatforms) = preSolution
		Debug|Any CPU = Debug|Any CPU
		Release|Any CPU = Release|Any CPU
	EndGlobalSection
	GlobalSection(ProjectConfigurationPlatforms) = postSolution
		{3F28DE95-CCAC-40C8-AB0D-E11AAC1193A8}.Debug|Any CPU.ActiveCfg = Debug|Any CPU
		{3F28DE95-CCAC-40C8-AB0D-E11AAC1193A8}.Debug|Any CPU.Build.0 = Debug|Any CPU
		{3F28DE95-CCAC-40C8-AB0D-E11AAC1193A8}.Release|Any CPU.ActiveCfg = Release|Any CPU
		{3F28DE95-CCAC-40C8-AB0D-E11AAC1193A8}.Release|Any CPU.Build.0 = Release|Any CPU
		{ED94565A-96B1-4846-88BA-D54570D4669C}.Debug|Any CPU.ActiveCfg = Debug|Any CPU
		{ED94565A-96B1-4846-88BA-D54570D4669C}.Debug|Any CPU.Build.0 = Debug|Any CPU
		{ED94565A-96B1-4846-88BA-D54570D4669C}.Release|Any CPU.ActiveCfg = Release|Any CPU
		{ED94565A-96B1-4846-88BA-D54570D4669C}.Release|Any CPU.Build.0 = Release|Any CPU
	EndGlobalSection
	GlobalSection(SolutionProperties) = preSolution
		HideSolutionNode = FALSE
	EndGlobalSection
	GlobalSection(ExtensibilityGlobals) = postSolution
		SolutionGuid = {4E57B47C-779D-491E-AF94-E6F0B008F605}
	EndGlobalSection
EndGlobal
